{
  "name": "fido2-node",
  "lockfileVersion": 2,
  "requires": true,
  "packages": {
    "": {
      "dependencies": {
        "base64url": "^3.0.1",
        "dotenv": "^16.0.3",
        "fido2-lib": "^3.2.5",
        "uuid": "^8.3.2"
      }
    },
    "node_modules/@cbor-extract/cbor-extract-darwin-arm64": {
      "version": "2.0.0",
      "resolved": "https://registry.npmjs.org/@cbor-extract/cbor-extract-darwin-arm64/-/cbor-extract-darwin-arm64-2.0.0.tgz",
      "integrity": "sha512-jebtLrruvsBbGMsUn0QxZW/8Z7caS9OkszVKZ64WTWajUkyohmolUdKL2nbfaTyyi3ABJrxVNM4YO1pvMsNI1g==",
      "cpu": [
        "arm64"
      ],
      "optional": true,
      "os": [
        "darwin"
      ]
    },
    "node_modules/@cbor-extract/cbor-extract-darwin-x64": {
      "version": "2.0.0",
      "resolved": "https://registry.npmjs.org/@cbor-extract/cbor-extract-darwin-x64/-/cbor-extract-darwin-x64-2.0.0.tgz",
      "integrity": "sha512-LGYjdlyqANBqCDzBujCqXpPcK70rvaQgw98/aquzBuEmK0KXS7i579CoVG1yS/eb3bMqiVPevBri45jbR6Tlsg==",
      "cpu": [
        "x64"
      ],
      "optional": true,
      "os": [
        "darwin"
      ]
    },
    "node_modules/@cbor-extract/cbor-extract-linux-arm": {
      "version": "2.0.0",
      "resolved": "https://registry.npmjs.org/@cbor-extract/cbor-extract-linux-arm/-/cbor-extract-linux-arm-2.0.0.tgz",
      "integrity": "sha512-cOGHEIif5rPbpix6qhpuatrZzm6HeC5rT0nXt8ynLTc7PzfXmovswD9x6d9h5NcHswkV5y3PbkNbpel/tLADYg==",
      "cpu": [
        "arm"
      ],
      "optional": true,
      "os": [
        "linux"
      ]
    },
    "node_modules/@cbor-extract/cbor-extract-linux-arm64": {
      "version": "2.0.0",
      "resolved": "https://registry.npmjs.org/@cbor-extract/cbor-extract-linux-arm64/-/cbor-extract-linux-arm64-2.0.0.tgz",
      "integrity": "sha512-c1rbQcSF01yVgbG60zEfHNsUkXiEEQRNdYqm5qpqEAkLx4gA6DDU91IQbalkqXfwDuQzcMovOc1TC3uJJIi2OQ==",
      "cpu": [
        "arm64"
      ],
      "optional": true,
      "os": [
        "linux"
      ]
    },
    "node_modules/@cbor-extract/cbor-extract-linux-x64": {
      "version": "2.0.0",
      "resolved": "https://registry.npmjs.org/@cbor-extract/cbor-extract-linux-x64/-/cbor-extract-linux-x64-2.0.0.tgz",
      "integrity": "sha512-WYeE1b5WGf9pbbQH3qeNBXq710gGsuVFUiP148RY8In+2pCp/fxjBpe701ngam9/fF5D+gJs8B1i5wv/PN7JZA==",
      "cpu": [
        "x64"
      ],
      "optional": true,
      "os": [
        "linux"
      ]
    },
    "node_modules/@cbor-extract/cbor-extract-win32-x64": {
      "version": "2.0.0",
      "resolved": "https://registry.npmjs.org/@cbor-extract/cbor-extract-win32-x64/-/cbor-extract-win32-x64-2.0.0.tgz",
      "integrity": "sha512-XqVuJEnE0jpl/RkuSp04FF2UE73gY52Y4nZaIE6j9GAeSH2cHYU5CCd4TaVMDi2M18ZpZv7XhL/k+nneQzyJpQ==",
      "cpu": [
        "x64"
      ],
      "optional": true,
      "os": [
        "win32"
      ]
    },
    "node_modules/@hexagon/base64": {
      "version": "1.1.22",
      "resolved": "https://registry.npmjs.org/@hexagon/base64/-/base64-1.1.22.tgz",
      "integrity": "sha512-Yh289WXFCAe1NvrUYG/MWv6fbTFrJ5Wq4F0A9Klbp22RQy7g13FlUqwVqyKfMQ2jFwgN3Jf1Bk6MaOEvhwQVcQ=="
    },
    "node_modules/@peculiar/asn1-schema": {
      "version": "2.2.0",
      "resolved": "https://registry.npmjs.org/@peculiar/asn1-schema/-/asn1-schema-2.2.0.tgz",
      "integrity": "sha512-1ENEJNY7Lwlua/1wvzpYP194WtjQBfFxvde2FlzfBFh/ln6wvChrtxlORhbKEnYswzn6fOC4c7HdC5izLPMTJg==",
      "dependencies": {
        "asn1js": "^3.0.5",
        "pvtsutils": "^1.3.2",
        "tslib": "^2.4.0"
      }
    },
    "node_modules/@peculiar/json-schema": {
      "version": "1.1.12",
      "resolved": "https://registry.npmjs.org/@peculiar/json-schema/-/json-schema-1.1.12.tgz",
      "integrity": "sha512-coUfuoMeIB7B8/NMekxaDzLhaYmp0HZNPEjYRm9goRou8UZIC3z21s0sL9AWoCw4EG876QyO3kYrc61WNF9B/w==",
      "dependencies": {
        "tslib": "^2.0.0"
      },
      "engines": {
        "node": ">=8.0.0"
      }
    },
    "node_modules/@peculiar/webcrypto": {
      "version": "1.4.0",
      "resolved": "https://registry.npmjs.org/@peculiar/webcrypto/-/webcrypto-1.4.0.tgz",
      "integrity": "sha512-U58N44b2m3OuTgpmKgf0LPDOmP3bhwNz01vAnj1mBwxBASRhptWYK+M3zG+HBkDqGQM+bFsoIihTW8MdmPXEqg==",
      "dependencies": {
        "@peculiar/asn1-schema": "^2.1.6",
        "@peculiar/json-schema": "^1.1.12",
        "pvtsutils": "^1.3.2",
        "tslib": "^2.4.0",
        "webcrypto-core": "^1.7.4"
      },
      "engines": {
        "node": ">=10.12.0"
      }
    },
    "node_modules/asn1js": {
      "version": "3.0.5",
      "resolved": "https://registry.npmjs.org/asn1js/-/asn1js-3.0.5.tgz",
      "integrity": "sha512-FVnvrKJwpt9LP2lAMl8qZswRNm3T4q9CON+bxldk2iwk3FFpuwhx2FfinyitizWHsVYyaY+y5JzDR0rCMV5yTQ==",
      "dependencies": {
        "pvtsutils": "^1.3.2",
        "pvutils": "^1.1.3",
        "tslib": "^2.4.0"
      },
      "engines": {
        "node": ">=12.0.0"
      }
    },
    "node_modules/base64url": {
      "version": "3.0.1",
      "resolved": "https://registry.npmjs.org/base64url/-/base64url-3.0.1.tgz",
      "integrity": "sha512-ir1UPr3dkwexU7FdV8qBBbNDRUhMmIekYMFZfi+C/sLNnRESKPl23nB9b2pltqfOQNnGzsDdId90AEtG5tCx4A==",
      "engines": {
        "node": ">=6.0.0"
      }
    },
    "node_modules/bytestreamjs": {
      "version": "2.0.0",
      "resolved": "https://registry.npmjs.org/bytestreamjs/-/bytestreamjs-2.0.0.tgz",
      "integrity": "sha512-TyOlxeS92FcMOaJwAVq5gwqW0vfkWUv5W+ErwdbBzolcUN/9XYpCKWvCV21jjzXU550D9Wt4GgE8Pr1vVbR+wQ==",
      "engines": {
        "node": ">=6.0.0"
      }
    },
    "node_modules/cbor-extract": {
      "version": "2.0.2",
      "resolved": "https://registry.npmjs.org/cbor-extract/-/cbor-extract-2.0.2.tgz",
      "integrity": "sha512-QoLGEgPff03ad/L66P91ci5Zmf7Woq8bh4H5XT3+D5annlrPH5ObHf2Yvo53eDQaDkQtF9tJwMKSWANGXDmwUA==",
      "hasInstallScript": true,
      "optional": true,
      "dependencies": {
        "node-gyp-build-optional-packages": "5.0.3"
      },
      "optionalDependencies": {
        "@cbor-extract/cbor-extract-darwin-arm64": "2.0.0",
        "@cbor-extract/cbor-extract-darwin-x64": "2.0.0",
        "@cbor-extract/cbor-extract-linux-arm": "2.0.0",
        "@cbor-extract/cbor-extract-linux-arm64": "2.0.0",
        "@cbor-extract/cbor-extract-linux-x64": "2.0.0",
        "@cbor-extract/cbor-extract-win32-x64": "2.0.0"
      }
    },
    "node_modules/cbor-x": {
      "version": "1.3.2",
      "resolved": "https://registry.npmjs.org/cbor-x/-/cbor-x-1.3.2.tgz",
      "integrity": "sha512-sntNPdI5OaOC+MWfQVHwXmvNJmbNYvwwRPWhoGjISz9yeGYgh7oLsQdo+RMmgLkD+aGsx7z2xHDyrBaBLFNT9w==",
      "optionalDependencies": {
        "cbor-extract": "^2.0.2"
      }
    },
    "node_modules/dotenv": {
      "version": "16.0.3",
      "resolved": "https://registry.npmjs.org/dotenv/-/dotenv-16.0.3.tgz",
      "integrity": "sha512-7GO6HghkA5fYG9TYnNxi14/7K9f5occMlp3zXAuSxn7CKCxt9xbNWG7yF8hTCSUchlfWSe3uLmlPfigevRItzQ==",
      "engines": {
        "node": ">=12"
      }
    },
    "node_modules/fido2-lib": {
      "version": "3.2.5",
      "resolved": "https://registry.npmjs.org/fido2-lib/-/fido2-lib-3.2.5.tgz",
      "integrity": "sha512-uDJsf/WNm74uos7baaxbK6vOjIZPOHUhal6FBKgy1ok1y3INI9kfUVkjVs5A7FF5WbUnpqoDEJXmhASZfl7AKw==",
      "dependencies": {
        "@hexagon/base64": "~1.1.21",
        "@peculiar/webcrypto": "~1.4.0",
        "asn1js": "~3.0.2",
        "cbor-x": "~1.3.1",
        "jose": "~4.8.3",
        "pkijs": "~3.0.5",
        "tldts": "~5.7.82"
      },
      "engines": {
        "node": ">=10"
      }
    },
    "node_modules/jose": {
      "version": "4.8.3",
      "resolved": "https://registry.npmjs.org/jose/-/jose-4.8.3.tgz",
      "integrity": "sha512-7rySkpW78d8LBp4YU70Wb7+OTgE3OwAALNVZxhoIhp4Kscp+p/fBkdpxGAMKxvCAMV4QfXBU9m6l9nX/vGwd2g==",
      "funding": {
        "url": "https://github.com/sponsors/panva"
      }
    },
    "node_modules/node-gyp-build-optional-packages": {
      "version": "5.0.3",
      "resolved": "https://registry.npmjs.org/node-gyp-build-optional-packages/-/node-gyp-build-optional-packages-5.0.3.tgz",
      "integrity": "sha512-k75jcVzk5wnnc/FMxsf4udAoTEUv2jY3ycfdSd3yWu6Cnd1oee6/CfZJApyscA4FJOmdoixWwiwOyf16RzD5JA==",
      "optional": true,
      "bin": {
        "node-gyp-build-optional-packages": "bin.js",
        "node-gyp-build-optional-packages-optional": "optional.js",
        "node-gyp-build-optional-packages-test": "build-test.js"
      }
    },
    "node_modules/pkijs": {
      "version": "3.0.5",
      "resolved": "https://registry.npmjs.org/pkijs/-/pkijs-3.0.5.tgz",
      "integrity": "sha512-J6P30yzU7qSbuJIBaclwN93WbyoxjVlkYMgjQmE9wWkPUTHVu2cH6lkjWcIr2WAub5KH38BA1Eyeb4s9apUPTg==",
      "dependencies": {
        "asn1js": "^3.0.5",
        "bytestreamjs": "^2.0.0",
        "pvtsutils": "^1.3.2",
        "pvutils": "^1.1.3",
        "tslib": "^2.4.0"
      },
      "engines": {
        "node": ">=12.0.0"
      }
    },
    "node_modules/pvtsutils": {
      "version": "1.3.2",
      "resolved": "https://registry.npmjs.org/pvtsutils/-/pvtsutils-1.3.2.tgz",
      "integrity": "sha512-+Ipe2iNUyrZz+8K/2IOo+kKikdtfhRKzNpQbruF2URmqPtoqAs8g3xS7TJvFF2GcPXjh7DkqMnpVveRFq4PgEQ==",
      "dependencies": {
        "tslib": "^2.4.0"
      }
    },
    "node_modules/pvutils": {
      "version": "1.1.3",
      "resolved": "https://registry.npmjs.org/pvutils/-/pvutils-1.1.3.tgz",
      "integrity": "sha512-pMpnA0qRdFp32b1sJl1wOJNxZLQ2cbQx+k6tjNtZ8CpvVhNqEPRgivZ2WOUev2YMajecdH7ctUPDvEe87nariQ==",
      "engines": {
        "node": ">=6.0.0"
      }
    },
    "node_modules/tldts": {
      "version": "5.7.84",
      "resolved": "https://registry.npmjs.org/tldts/-/tldts-5.7.84.tgz",
      "integrity": "sha512-PGkhyObqEEntI/xUDJdagtvNW+O7+5j8vbXSOXL+563At8gH/4LHxHjdPNv7qrahYuL6y6ZgjBxcvWdut7/LtA==",
      "dependencies": {
        "tldts-core": "^5.7.84"
      },
      "bin": {
        "tldts": "bin/cli.js"
      }
    },
    "node_modules/tldts-core": {
      "version": "5.7.84",
      "resolved": "https://registry.npmjs.org/tldts-core/-/tldts-core-5.7.84.tgz",
      "integrity": "sha512-1qKxwSDjmWdqG81cnXGvKI+FHPiVRT6w5DORjp2+YVqDdzFUZO0oQoWu0zbDtWA6HXVk+B15yY9DKbVKZ6fRLg=="
    },
    "node_modules/tslib": {
      "version": "2.4.0",
      "resolved": "https://registry.npmjs.org/tslib/-/tslib-2.4.0.tgz",
      "integrity": "sha512-d6xOpEDfsi2CZVlPQzGeux8XMwLT9hssAsaPYExaQMuYskwb+x1x7J371tWlbBdWHroy99KnVB6qIkUbs5X3UQ=="
    },
    "node_modules/uuid": {
      "version": "8.3.2",
      "resolved": "https://registry.npmjs.org/uuid/-/uuid-8.3.2.tgz",
      "integrity": "sha512-+NYs2QeMWy+GWFOEm9xnn6HCDp0l7QBD7ml8zLUmJ+93Q5NF0NocErnwkTkXVFNiX3/fpC6afS8Dhb/gz7R7eg==",
      "bin": {
        "uuid": "dist/bin/uuid"
      }
    },
    "node_modules/webcrypto-core": {
      "version": "1.7.5",
      "resolved": "https://registry.npmjs.org/webcrypto-core/-/webcrypto-core-1.7.5.tgz",
      "integrity": "sha512-gaExY2/3EHQlRNNNVSrbG2Cg94Rutl7fAaKILS1w8ZDhGxdFOaw6EbCfHIxPy9vt/xwp5o0VQAx9aySPF6hU1A==",
      "dependencies": {
        "@peculiar/asn1-schema": "^2.1.6",
        "@peculiar/json-schema": "^1.1.12",
        "asn1js": "^3.0.1",
        "pvtsutils": "^1.3.2",
        "tslib": "^2.4.0"
      }
    }
  },
  "dependencies": {
    "@cbor-extract/cbor-extract-darwin-arm64": {
      "version": "2.0.0",
      "resolved": "https://registry.npmjs.org/@cbor-extract/cbor-extract-darwin-arm64/-/cbor-extract-darwin-arm64-2.0.0.tgz",
      "integrity": "sha512-jebtLrruvsBbGMsUn0QxZW/8Z7caS9OkszVKZ64WTWajUkyohmolUdKL2nbfaTyyi3ABJrxVNM4YO1pvMsNI1g==",
      "optional": true
    },
    "@cbor-extract/cbor-extract-darwin-x64": {
      "version": "2.0.0",
      "resolved": "https://registry.npmjs.org/@cbor-extract/cbor-extract-darwin-x64/-/cbor-extract-darwin-x64-2.0.0.tgz",
      "integrity": "sha512-LGYjdlyqANBqCDzBujCqXpPcK70rvaQgw98/aquzBuEmK0KXS7i579CoVG1yS/eb3bMqiVPevBri45jbR6Tlsg==",
      "optional": true
    },
    "@cbor-extract/cbor-extract-linux-arm": {
      "version": "2.0.0",
      "resolved": "https://registry.npmjs.org/@cbor-extract/cbor-extract-linux-arm/-/cbor-extract-linux-arm-2.0.0.tgz",
      "integrity": "sha512-cOGHEIif5rPbpix6qhpuatrZzm6HeC5rT0nXt8ynLTc7PzfXmovswD9x6d9h5NcHswkV5y3PbkNbpel/tLADYg==",
      "optional": true
    },
    "@cbor-extract/cbor-extract-linux-arm64": {
      "version": "2.0.0",
      "resolved": "https://registry.npmjs.org/@cbor-extract/cbor-extract-linux-arm64/-/cbor-extract-linux-arm64-2.0.0.tgz",
      "integrity": "sha512-c1rbQcSF01yVgbG60zEfHNsUkXiEEQRNdYqm5qpqEAkLx4gA6DDU91IQbalkqXfwDuQzcMovOc1TC3uJJIi2OQ==",
      "optional": true
    },
    "@cbor-extract/cbor-extract-linux-x64": {
      "version": "2.0.0",
      "resolved": "https://registry.npmjs.org/@cbor-extract/cbor-extract-linux-x64/-/cbor-extract-linux-x64-2.0.0.tgz",
      "integrity": "sha512-WYeE1b5WGf9pbbQH3qeNBXq710gGsuVFUiP148RY8In+2pCp/fxjBpe701ngam9/fF5D+gJs8B1i5wv/PN7JZA==",
      "optional": true
    },
    "@cbor-extract/cbor-extract-win32-x64": {
      "version": "2.0.0",
      "resolved": "https://registry.npmjs.org/@cbor-extract/cbor-extract-win32-x64/-/cbor-extract-win32-x64-2.0.0.tgz",
      "integrity": "sha512-XqVuJEnE0jpl/RkuSp04FF2UE73gY52Y4nZaIE6j9GAeSH2cHYU5CCd4TaVMDi2M18ZpZv7XhL/k+nneQzyJpQ==",
      "optional": true
    },
    "@hexagon/base64": {
      "version": "1.1.22",
      "resolved": "https://registry.npmjs.org/@hexagon/base64/-/base64-1.1.22.tgz",
      "integrity": "sha512-Yh289WXFCAe1NvrUYG/MWv6fbTFrJ5Wq4F0A9Klbp22RQy7g13FlUqwVqyKfMQ2jFwgN3Jf1Bk6MaOEvhwQVcQ=="
    },
    "@peculiar/asn1-schema": {
      "version": "2.2.0",
      "resolved": "https://registry.npmjs.org/@peculiar/asn1-schema/-/asn1-schema-2.2.0.tgz",
      "integrity": "sha512-1ENEJNY7Lwlua/1wvzpYP194WtjQBfFxvde2FlzfBFh/ln6wvChrtxlORhbKEnYswzn6fOC4c7HdC5izLPMTJg==",
      "requires": {
        "asn1js": "^3.0.5",
        "pvtsutils": "^1.3.2",
        "tslib": "^2.4.0"
      }
    },
    "@peculiar/json-schema": {
      "version": "1.1.12",
      "resolved": "https://registry.npmjs.org/@peculiar/json-schema/-/json-schema-1.1.12.tgz",
      "integrity": "sha512-coUfuoMeIB7B8/NMekxaDzLhaYmp0HZNPEjYRm9goRou8UZIC3z21s0sL9AWoCw4EG876QyO3kYrc61WNF9B/w==",
      "requires": {
        "tslib": "^2.0.0"
      }
    },
    "@peculiar/webcrypto": {
      "version": "1.4.0",
      "resolved": "https://registry.npmjs.org/@peculiar/webcrypto/-/webcrypto-1.4.0.tgz",
      "integrity": "sha512-U58N44b2m3OuTgpmKgf0LPDOmP3bhwNz01vAnj1mBwxBASRhptWYK+M3zG+HBkDqGQM+bFsoIihTW8MdmPXEqg==",
      "requires": {
        "@peculiar/asn1-schema": "^2.1.6",
        "@peculiar/json-schema": "^1.1.12",
        "pvtsutils": "^1.3.2",
        "tslib": "^2.4.0",
        "webcrypto-core": "^1.7.4"
      }
    },
    "asn1js": {
      "version": "3.0.5",
      "resolved": "https://registry.npmjs.org/asn1js/-/asn1js-3.0.5.tgz",
      "integrity": "sha512-FVnvrKJwpt9LP2lAMl8qZswRNm3T4q9CON+bxldk2iwk3FFpuwhx2FfinyitizWHsVYyaY+y5JzDR0rCMV5yTQ==",
      "requires": {
        "pvtsutils": "^1.3.2",
        "pvutils": "^1.1.3",
        "tslib": "^2.4.0"
      }
    },
    "base64url": {
      "version": "3.0.1",
      "resolved": "https://registry.npmjs.org/base64url/-/base64url-3.0.1.tgz",
      "integrity": "sha512-ir1UPr3dkwexU7FdV8qBBbNDRUhMmIekYMFZfi+C/sLNnRESKPl23nB9b2pltqfOQNnGzsDdId90AEtG5tCx4A=="
    },
    "bytestreamjs": {
      "version": "2.0.0",
      "resolved": "https://registry.npmjs.org/bytestreamjs/-/bytestreamjs-2.0.0.tgz",
      "integrity": "sha512-TyOlxeS92FcMOaJwAVq5gwqW0vfkWUv5W+ErwdbBzolcUN/9XYpCKWvCV21jjzXU550D9Wt4GgE8Pr1vVbR+wQ=="
    },
    "cbor-extract": {
      "version": "2.0.2",
      "resolved": "https://registry.npmjs.org/cbor-extract/-/cbor-extract-2.0.2.tgz",
      "integrity": "sha512-QoLGEgPff03ad/L66P91ci5Zmf7Woq8bh4H5XT3+D5annlrPH5ObHf2Yvo53eDQaDkQtF9tJwMKSWANGXDmwUA==",
      "optional": true,
      "requires": {
        "@cbor-extract/cbor-extract-darwin-arm64": "2.0.0",
        "@cbor-extract/cbor-extract-darwin-x64": "2.0.0",
        "@cbor-extract/cbor-extract-linux-arm": "2.0.0",
        "@cbor-extract/cbor-extract-linux-arm64": "2.0.0",
        "@cbor-extract/cbor-extract-linux-x64": "2.0.0",
        "@cbor-extract/cbor-extract-win32-x64": "2.0.0",
        "node-gyp-build-optional-packages": "5.0.3"
      }
    },
    "cbor-x": {
      "version": "1.3.2",
      "resolved": "https://registry.npmjs.org/cbor-x/-/cbor-x-1.3.2.tgz",
      "integrity": "sha512-sntNPdI5OaOC+MWfQVHwXmvNJmbNYvwwRPWhoGjISz9yeGYgh7oLsQdo+RMmgLkD+aGsx7z2xHDyrBaBLFNT9w==",
      "requires": {
        "cbor-extract": "^2.0.2"
      }
    },
    "dotenv": {
      "version": "16.0.3",
      "resolved": "https://registry.npmjs.org/dotenv/-/dotenv-16.0.3.tgz",
      "integrity": "sha512-7GO6HghkA5fYG9TYnNxi14/7K9f5occMlp3zXAuSxn7CKCxt9xbNWG7yF8hTCSUchlfWSe3uLmlPfigevRItzQ=="
    },
    "fido2-lib": {
      "version": "3.2.5",
      "resolved": "https://registry.npmjs.org/fido2-lib/-/fido2-lib-3.2.5.tgz",
      "integrity": "sha512-uDJsf/WNm74uos7baaxbK6vOjIZPOHUhal6FBKgy1ok1y3INI9kfUVkjVs5A7FF5WbUnpqoDEJXmhASZfl7AKw==",
      "requires": {
        "@hexagon/base64": "~1.1.21",
        "@peculiar/webcrypto": "~1.4.0",
        "asn1js": "~3.0.2",
        "cbor-x": "~1.3.1",
        "jose": "~4.8.3",
        "pkijs": "~3.0.5",
        "tldts": "~5.7.82"
      }
    },
    "jose": {
      "version": "4.8.3",
      "resolved": "https://registry.npmjs.org/jose/-/jose-4.8.3.tgz",
      "integrity": "sha512-7rySkpW78d8LBp4YU70Wb7+OTgE3OwAALNVZxhoIhp4Kscp+p/fBkdpxGAMKxvCAMV4QfXBU9m6l9nX/vGwd2g=="
    },
    "node-gyp-build-optional-packages": {
      "version": "5.0.3",
      "resolved": "https://registry.npmjs.org/node-gyp-build-optional-packages/-/node-gyp-build-optional-packages-5.0.3.tgz",
      "integrity": "sha512-k75jcVzk5wnnc/FMxsf4udAoTEUv2jY3ycfdSd3yWu6Cnd1oee6/CfZJApyscA4FJOmdoixWwiwOyf16RzD5JA==",
      "optional": true
    },
    "pkijs": {
      "version": "3.0.5",
      "resolved": "https://registry.npmjs.org/pkijs/-/pkijs-3.0.5.tgz",
      "integrity": "sha512-J6P30yzU7qSbuJIBaclwN93WbyoxjVlkYMgjQmE9wWkPUTHVu2cH6lkjWcIr2WAub5KH38BA1Eyeb4s9apUPTg==",
      "requires": {
        "asn1js": "^3.0.5",
        "bytestreamjs": "^2.0.0",
        "pvtsutils": "^1.3.2",
        "pvutils": "^1.1.3",
        "tslib": "^2.4.0"
      }
    },
    "pvtsutils": {
      "version": "1.3.2",
      "resolved": "https://registry.npmjs.org/pvtsutils/-/pvtsutils-1.3.2.tgz",
      "integrity": "sha512-+Ipe2iNUyrZz+8K/2IOo+kKikdtfhRKzNpQbruF2URmqPtoqAs8g3xS7TJvFF2GcPXjh7DkqMnpVveRFq4PgEQ==",
      "requires": {
        "tslib": "^2.4.0"
      }
    },
    "pvutils": {
      "version": "1.1.3",
      "resolved": "https://registry.npmjs.org/pvutils/-/pvutils-1.1.3.tgz",
      "integrity": "sha512-pMpnA0qRdFp32b1sJl1wOJNxZLQ2cbQx+k6tjNtZ8CpvVhNqEPRgivZ2WOUev2YMajecdH7ctUPDvEe87nariQ=="
    },
    "tldts": {
      "version": "5.7.84",
      "resolved": "https://registry.npmjs.org/tldts/-/tldts-5.7.84.tgz",
      "integrity": "sha512-PGkhyObqEEntI/xUDJdagtvNW+O7+5j8vbXSOXL+563At8gH/4LHxHjdPNv7qrahYuL6y6ZgjBxcvWdut7/LtA==",
      "requires": {
        "tldts-core": "^5.7.84"
      }
    },
    "tldts-core": {
      "version": "5.7.84",
      "resolved": "https://registry.npmjs.org/tldts-core/-/tldts-core-5.7.84.tgz",
      "integrity": "sha512-1qKxwSDjmWdqG81cnXGvKI+FHPiVRT6w5DORjp2+YVqDdzFUZO0oQoWu0zbDtWA6HXVk+B15yY9DKbVKZ6fRLg=="
    },
    "tslib": {
      "version": "2.4.0",
      "resolved": "https://registry.npmjs.org/tslib/-/tslib-2.4.0.tgz",
      "integrity": "sha512-d6xOpEDfsi2CZVlPQzGeux8XMwLT9hssAsaPYExaQMuYskwb+x1x7J371tWlbBdWHroy99KnVB6qIkUbs5X3UQ=="
    },
    "uuid": {
      "version": "8.3.2",
      "resolved": "https://registry.npmjs.org/uuid/-/uuid-8.3.2.tgz",
      "integrity": "sha512-+NYs2QeMWy+GWFOEm9xnn6HCDp0l7QBD7ml8zLUmJ+93Q5NF0NocErnwkTkXVFNiX3/fpC6afS8Dhb/gz7R7eg=="
    },
    "webcrypto-core": {
      "version": "1.7.5",
      "resolved": "https://registry.npmjs.org/webcrypto-core/-/webcrypto-core-1.7.5.tgz",
      "integrity": "sha512-gaExY2/3EHQlRNNNVSrbG2Cg94Rutl7fAaKILS1w8ZDhGxdFOaw6EbCfHIxPy9vt/xwp5o0VQAx9aySPF6hU1A==",
      "requires": {
        "@peculiar/asn1-schema": "^2.1.6",
        "@peculiar/json-schema": "^1.1.12",
        "asn1js": "^3.0.1",
        "pvtsutils": "^1.3.2",
        "tslib": "^2.4.0"
      }
    }
  }
}
